
Microsoft Visual Studio Solution File, Format Version 12.00
# Visual Studio Version 16
VisualStudioVersion = 16.0.31105.61
MinimumVisualStudioVersion = 10.0.40219.1
Project("{8BC9CEB8-8B4A-11D0-8D11-00A0C91BC942}") = "42584_주식가격", "42584_주식가격\42584_주식가격.vcxproj", "{45B44BDC-506B-47A5-A084-8F9F479C2500}"
EndProject
Global
	GlobalSection(SolutionConfigurationPlatforms) = preSolution
		Debug|x64 = Debug|x64
		Debug|x86 = Debug|x86
		Release|x64 = Release|x64
		Release|x86 = Release|x86
	EndGlobalSection
	GlobalSection(ProjectConfigurationPlatforms) = postSolution
		{45B44BDC-506B-47A5-A084-8F9F479C2500}.Debug|x64.ActiveCfg = Debug|x64
		{45B44BDC-506B-47A5-A084-8F9F479C2500}.Debug|x64.Build.0 = Debug|x64
		{45B44BDC-506B-47A5-A084-8F9F479C2500}.Debug|x86.ActiveCfg = Debug|Win32
		{45B44BDC-506B-47A5-A084-8F9F479C2500}.Debug|x86.Build.0 = Debug|Win32
		{45B44BDC-506B-47A5-A084-8F9F479C2500}.Release|x64.ActiveCfg = Release|x64
		{45B44BDC-506B-47A5-A084-8F9F479C2500}.Release|x64.Build.0 = Release|x64
		{45B44BDC-506B-47A5-A084-8F9F479C2500}.Release|x86.ActiveCfg = Release|Win32
		{45B44BDC-506B-47A5-A084-8F9F479C2500}.Release|x86.Build.0 = Release|Win32
	EndGlobalSection
	GlobalSection(SolutionProperties) = preSolution
		HideSolutionNode = FALSE
	EndGlobalSection
	GlobalSection(ExtensibilityGlobals) = postSolution
		SolutionGuid = {0D540F64-FCAE-402A-912E-BB477742595C}
	EndGlobalSection
EndGlobal
